
Microsoft Visual Studio Solution File, Format Version 12.00
# Visual Studio 15
VisualStudioVersion = 15.0.27004.2006
MinimumVisualStudioVersion = 10.0.40219.1
Project("{FAE04EC0-301F-11D3-BF4B-00C04F79EFBC}") = "01. Sino The Walker", "01. Sino The Walker\01. Sino The Walker.csproj", "{0C3788E5-799E-4FA9-8920-9FE5DA984A9D}"
EndProject
Project("{FAE04EC0-301F-11D3-BF4B-00C04F79EFBC}") = "02. SoftUni Karaoke", "02. SoftUni Karaoke\02. SoftUni Karaoke.csproj", "{7130014E-2F70-4B85-8083-1524D547FC52}"
EndProject
Project("{FAE04EC0-301F-11D3-BF4B-00C04F79EFBC}") = "03. Endurance Rally", "03. Endurance Rally\03. Endurance Rally.csproj", "{2F3CBC8B-20D7-41BA-B130-9F940F20A8A6}"
EndProject
Project("{FAE04EC0-301F-11D3-BF4B-00C04F79EFBC}") = "04. Winning Ticket", "04. Winning Ticket\04. Winning Ticket.csproj", "{36E4AAC3-C6AB-4004-A575-F2649C81872D}"
EndProject
Project("{FAE04EC0-301F-11D3-BF4B-00C04F79EFBC}") = "4. Winning Ticket", "4. Winning Ticket\4. Winning Ticket.csproj", "{F1A90E92-A00F-4908-8185-93559766BD55}"
EndProject
Global
	GlobalSection(SolutionConfigurationPlatforms) = preSolution
		Debug|Any CPU = Debug|Any CPU
		Release|Any CPU = Release|Any CPU
	EndGlobalSection
	GlobalSection(ProjectConfigurationPlatforms) = postSolution
		{0C3788E5-799E-4FA9-8920-9FE5DA984A9D}.Debug|Any CPU.ActiveCfg = Debug|Any CPU
		{0C3788E5-799E-4FA9-8920-9FE5DA984A9D}.Debug|Any CPU.Build.0 = Debug|Any CPU
		{0C3788E5-799E-4FA9-8920-9FE5DA984A9D}.Release|Any CPU.ActiveCfg = Release|Any CPU
		{0C3788E5-799E-4FA9-8920-9FE5DA984A9D}.Release|Any CPU.Build.0 = Release|Any CPU
		{7130014E-2F70-4B85-8083-1524D547FC52}.Debug|Any CPU.ActiveCfg = Debug|Any CPU
		{7130014E-2F70-4B85-8083-1524D547FC52}.Debug|Any CPU.Build.0 = Debug|Any CPU
		{7130014E-2F70-4B85-8083-1524D547FC52}.Release|Any CPU.ActiveCfg = Release|Any CPU
		{7130014E-2F70-4B85-8083-1524D547FC52}.Release|Any CPU.Build.0 = Release|Any CPU
		{2F3CBC8B-20D7-41BA-B130-9F940F20A8A6}.Debug|Any CPU.ActiveCfg = Debug|Any CPU
		{2F3CBC8B-20D7-41BA-B130-9F940F20A8A6}.Debug|Any CPU.Build.0 = Debug|Any CPU
		{2F3CBC8B-20D7-41BA-B130-9F940F20A8A6}.Release|Any CPU.ActiveCfg = Release|Any CPU
		{2F3CBC8B-20D7-41BA-B130-9F940F20A8A6}.Release|Any CPU.Build.0 = Release|Any CPU
		{36E4AAC3-C6AB-4004-A575-F2649C81872D}.Debug|Any CPU.ActiveCfg = Debug|Any CPU
		{36E4AAC3-C6AB-4004-A575-F2649C81872D}.Debug|Any CPU.Build.0 = Debug|Any CPU
		{36E4AAC3-C6AB-4004-A575-F2649C81872D}.Release|Any CPU.ActiveCfg = Release|Any CPU
		{36E4AAC3-C6AB-4004-A575-F2649C81872D}.Release|Any CPU.Build.0 = Release|Any CPU
		{F1A90E92-A00F-4908-8185-93559766BD55}.Debug|Any CPU.ActiveCfg = Debug|Any CPU
		{F1A90E92-A00F-4908-8185-93559766BD55}.Debug|Any CPU.Build.0 = Debug|Any CPU
		{F1A90E92-A00F-4908-8185-93559766BD55}.Release|Any CPU.ActiveCfg = Release|Any CPU
		{F1A90E92-A00F-4908-8185-93559766BD55}.Release|Any CPU.Build.0 = Release|Any CPU
	EndGlobalSection
	GlobalSection(SolutionProperties) = preSolution
		HideSolutionNode = FALSE
	EndGlobalSection
	GlobalSection(ExtensibilityGlobals) = postSolution
		SolutionGuid = {75556901-CF61-4549-A9CD-235F448FACC2}
	EndGlobalSection
EndGlobal
