
Microsoft Visual Studio Solution File, Format Version 12.00
# Visual Studio 15
VisualStudioVersion = 15.0.26730.10
MinimumVisualStudioVersion = 10.0.40219.1
Project("{FAE04EC0-301F-11D3-BF4B-00C04F79EFBC}") = "01. Remove Negatives and Reverse", "01. Remove Negatives and Reverse\01. Remove Negatives and Reverse.csproj", "{2089426C-8563-43DF-9C57-2D506102FA4C}"
EndProject
Project("{FAE04EC0-301F-11D3-BF4B-00C04F79EFBC}") = "05. Sort Numbers", "05. Sort Numbers\05. Sort Numbers.csproj", "{C207010B-EE3A-4E1F-A6B9-86F3BC2F0C9B}"
EndProject
Project("{FAE04EC0-301F-11D3-BF4B-00C04F79EFBC}") = "06. Square Numbers", "06. Square Numbers\06. Square Numbers.csproj", "{4530D86C-DCA9-401B-85A8-9FB6CD49DDB6}"
EndProject
Project("{FAE04EC0-301F-11D3-BF4B-00C04F79EFBC}") = "02. Append Lists", "02. Append Lists\02. Append Lists.csproj", "{6DCC64D9-04CD-4025-941A-8E99A8780F9D}"
EndProject
Project("{FAE04EC0-301F-11D3-BF4B-00C04F79EFBC}") = "03. Sum Adjacent Equal Numbers", "03. Sum Adjacent Equal Numbers\03. Sum Adjacent Equal Numbers.csproj", "{8B1F3433-6AAC-45A7-855C-728A65F5EB36}"
EndProject
Project("{FAE04EC0-301F-11D3-BF4B-00C04F79EFBC}") = "07. Count Numbers", "07. Count Numbers\07. Count Numbers.csproj", "{3ED6ED05-91C3-49B6-8ECE-BF28DB796CC3}"
EndProject
Project("{FAE04EC0-301F-11D3-BF4B-00C04F79EFBC}") = "04. Split by Word Casing", "04. Split by Word Casing\04. Split by Word Casing.csproj", "{D207057B-3EAA-4CC1-B4FF-69C24CD77B98}"
EndProject
Global
	GlobalSection(SolutionConfigurationPlatforms) = preSolution
		Debug|Any CPU = Debug|Any CPU
		Release|Any CPU = Release|Any CPU
	EndGlobalSection
	GlobalSection(ProjectConfigurationPlatforms) = postSolution
		{2089426C-8563-43DF-9C57-2D506102FA4C}.Debug|Any CPU.ActiveCfg = Debug|Any CPU
		{2089426C-8563-43DF-9C57-2D506102FA4C}.Debug|Any CPU.Build.0 = Debug|Any CPU
		{2089426C-8563-43DF-9C57-2D506102FA4C}.Release|Any CPU.ActiveCfg = Release|Any CPU
		{2089426C-8563-43DF-9C57-2D506102FA4C}.Release|Any CPU.Build.0 = Release|Any CPU
		{C207010B-EE3A-4E1F-A6B9-86F3BC2F0C9B}.Debug|Any CPU.ActiveCfg = Debug|Any CPU
		{C207010B-EE3A-4E1F-A6B9-86F3BC2F0C9B}.Debug|Any CPU.Build.0 = Debug|Any CPU
		{C207010B-EE3A-4E1F-A6B9-86F3BC2F0C9B}.Release|Any CPU.ActiveCfg = Release|Any CPU
		{C207010B-EE3A-4E1F-A6B9-86F3BC2F0C9B}.Release|Any CPU.Build.0 = Release|Any CPU
		{4530D86C-DCA9-401B-85A8-9FB6CD49DDB6}.Debug|Any CPU.ActiveCfg = Debug|Any CPU
		{4530D86C-DCA9-401B-85A8-9FB6CD49DDB6}.Debug|Any CPU.Build.0 = Debug|Any CPU
		{4530D86C-DCA9-401B-85A8-9FB6CD49DDB6}.Release|Any CPU.ActiveCfg = Release|Any CPU
		{4530D86C-DCA9-401B-85A8-9FB6CD49DDB6}.Release|Any CPU.Build.0 = Release|Any CPU
		{6DCC64D9-04CD-4025-941A-8E99A8780F9D}.Debug|Any CPU.ActiveCfg = Debug|Any CPU
		{6DCC64D9-04CD-4025-941A-8E99A8780F9D}.Debug|Any CPU.Build.0 = Debug|Any CPU
		{6DCC64D9-04CD-4025-941A-8E99A8780F9D}.Release|Any CPU.ActiveCfg = Release|Any CPU
		{6DCC64D9-04CD-4025-941A-8E99A8780F9D}.Release|Any CPU.Build.0 = Release|Any CPU
		{8B1F3433-6AAC-45A7-855C-728A65F5EB36}.Debug|Any CPU.ActiveCfg = Debug|Any CPU
		{8B1F3433-6AAC-45A7-855C-728A65F5EB36}.Debug|Any CPU.Build.0 = Debug|Any CPU
		{8B1F3433-6AAC-45A7-855C-728A65F5EB36}.Release|Any CPU.ActiveCfg = Release|Any CPU
		{8B1F3433-6AAC-45A7-855C-728A65F5EB36}.Release|Any CPU.Build.0 = Release|Any CPU
		{3ED6ED05-91C3-49B6-8ECE-BF28DB796CC3}.Debug|Any CPU.ActiveCfg = Debug|Any CPU
		{3ED6ED05-91C3-49B6-8ECE-BF28DB796CC3}.Debug|Any CPU.Build.0 = Debug|Any CPU
		{3ED6ED05-91C3-49B6-8ECE-BF28DB796CC3}.Release|Any CPU.ActiveCfg = Release|Any CPU
		{3ED6ED05-91C3-49B6-8ECE-BF28DB796CC3}.Release|Any CPU.Build.0 = Release|Any CPU
		{D207057B-3EAA-4CC1-B4FF-69C24CD77B98}.Debug|Any CPU.ActiveCfg = Debug|Any CPU
		{D207057B-3EAA-4CC1-B4FF-69C24CD77B98}.Debug|Any CPU.Build.0 = Debug|Any CPU
		{D207057B-3EAA-4CC1-B4FF-69C24CD77B98}.Release|Any CPU.ActiveCfg = Release|Any CPU
		{D207057B-3EAA-4CC1-B4FF-69C24CD77B98}.Release|Any CPU.Build.0 = Release|Any CPU
	EndGlobalSection
	GlobalSection(SolutionProperties) = preSolution
		HideSolutionNode = FALSE
	EndGlobalSection
	GlobalSection(ExtensibilityGlobals) = postSolution
		SolutionGuid = {14EDC34A-5068-4245-A422-1B8A90936DF1}
	EndGlobalSection
EndGlobal
