
Microsoft Visual Studio Solution File, Format Version 12.00
# Visual Studio 15
VisualStudioVersion = 15.0.26730.10
MinimumVisualStudioVersion = 10.0.40219.1
Project("{FAE04EC0-301F-11D3-BF4B-00C04F79EFBC}") = "01. Passed", "01. Passed\01. Passed.csproj", "{9A0B70BE-9061-4F79-B885-B89EB79D8FF3}"
EndProject
Project("{FAE04EC0-301F-11D3-BF4B-00C04F79EFBC}") = "02. Passed or Failed", "02. Passed or Failed\02. Passed or Failed.csproj", "{CDE1F502-6679-47DC-B5BC-27F2ED248111}"
EndProject
Project("{FAE04EC0-301F-11D3-BF4B-00C04F79EFBC}") = "03. Back in 30 Minutes", "03. Back in 30 Minutes\03. Back in 30 Minutes.csproj", "{2FC2198E-D6EA-40A2-946E-A63A83D1F706}"
EndProject
Project("{FAE04EC0-301F-11D3-BF4B-00C04F79EFBC}") = "04. Month Printer", "04. Month Printer\04. Month Printer.csproj", "{BB04B46A-A258-4A5B-874A-B5386E73A5B5}"
EndProject
Project("{FAE04EC0-301F-11D3-BF4B-00C04F79EFBC}") = "05. Foreign Languages", "05. Foreign Languages\05. Foreign Languages.csproj", "{0C091C23-1C06-4067-8833-76B65CB6F261}"
EndProject
Project("{FAE04EC0-301F-11D3-BF4B-00C04F79EFBC}") = "06. Theatre Promotion", "06. Theatre Promotion\06. Theatre Promotion.csproj", "{08D4BA58-3782-476D-92BC-E9ABC5418965}"
EndProject
Project("{FAE04EC0-301F-11D3-BF4B-00C04F79EFBC}") = "07. Divisible by 3", "07. Divisible by 3\07. Divisible by 3.csproj", "{4F2C4009-B8FD-49BC-8B0E-CB0D49BF6C43}"
EndProject
Project("{FAE04EC0-301F-11D3-BF4B-00C04F79EFBC}") = "08. Sum of Odd Numbers", "08. Sum of Odd Numbers\08. Sum of Odd Numbers.csproj", "{EDE6C733-2EF8-4368-967C-1C386657F8DD}"
EndProject
Project("{FAE04EC0-301F-11D3-BF4B-00C04F79EFBC}") = "09. Multiplication Table", "09. Multiplication Table\09. Multiplication Table.csproj", "{0E6CA27E-91E3-49E9-AB41-60EA8BB59200}"
EndProject
Project("{FAE04EC0-301F-11D3-BF4B-00C04F79EFBC}") = "10. Multiplication Table 2.0", "10. Multiplication Table 2.0\10. Multiplication Table 2.0.csproj", "{E92DCB36-F43C-4B79-9E30-24F5A9A52D5C}"
EndProject
Project("{FAE04EC0-301F-11D3-BF4B-00C04F79EFBC}") = "11. Odd Number", "11. Odd Number\11. Odd Number.csproj", "{E51C0A3C-49E1-447E-8EBC-16042FF60C4E}"
EndProject
Project("{FAE04EC0-301F-11D3-BF4B-00C04F79EFBC}") = "12. Number Checker", "12. Number Checker\12. Number Checker.csproj", "{480FA44A-F55A-455E-AD12-D269C60A04DA}"
EndProject
Global
	GlobalSection(SolutionConfigurationPlatforms) = preSolution
		Debug|Any CPU = Debug|Any CPU
		Release|Any CPU = Release|Any CPU
	EndGlobalSection
	GlobalSection(ProjectConfigurationPlatforms) = postSolution
		{9A0B70BE-9061-4F79-B885-B89EB79D8FF3}.Debug|Any CPU.ActiveCfg = Debug|Any CPU
		{9A0B70BE-9061-4F79-B885-B89EB79D8FF3}.Debug|Any CPU.Build.0 = Debug|Any CPU
		{9A0B70BE-9061-4F79-B885-B89EB79D8FF3}.Release|Any CPU.ActiveCfg = Release|Any CPU
		{9A0B70BE-9061-4F79-B885-B89EB79D8FF3}.Release|Any CPU.Build.0 = Release|Any CPU
		{CDE1F502-6679-47DC-B5BC-27F2ED248111}.Debug|Any CPU.ActiveCfg = Debug|Any CPU
		{CDE1F502-6679-47DC-B5BC-27F2ED248111}.Debug|Any CPU.Build.0 = Debug|Any CPU
		{CDE1F502-6679-47DC-B5BC-27F2ED248111}.Release|Any CPU.ActiveCfg = Release|Any CPU
		{CDE1F502-6679-47DC-B5BC-27F2ED248111}.Release|Any CPU.Build.0 = Release|Any CPU
		{2FC2198E-D6EA-40A2-946E-A63A83D1F706}.Debug|Any CPU.ActiveCfg = Debug|Any CPU
		{2FC2198E-D6EA-40A2-946E-A63A83D1F706}.Debug|Any CPU.Build.0 = Debug|Any CPU
		{2FC2198E-D6EA-40A2-946E-A63A83D1F706}.Release|Any CPU.ActiveCfg = Release|Any CPU
		{2FC2198E-D6EA-40A2-946E-A63A83D1F706}.Release|Any CPU.Build.0 = Release|Any CPU
		{BB04B46A-A258-4A5B-874A-B5386E73A5B5}.Debug|Any CPU.ActiveCfg = Debug|Any CPU
		{BB04B46A-A258-4A5B-874A-B5386E73A5B5}.Debug|Any CPU.Build.0 = Debug|Any CPU
		{BB04B46A-A258-4A5B-874A-B5386E73A5B5}.Release|Any CPU.ActiveCfg = Release|Any CPU
		{BB04B46A-A258-4A5B-874A-B5386E73A5B5}.Release|Any CPU.Build.0 = Release|Any CPU
		{0C091C23-1C06-4067-8833-76B65CB6F261}.Debug|Any CPU.ActiveCfg = Debug|Any CPU
		{0C091C23-1C06-4067-8833-76B65CB6F261}.Debug|Any CPU.Build.0 = Debug|Any CPU
		{0C091C23-1C06-4067-8833-76B65CB6F261}.Release|Any CPU.ActiveCfg = Release|Any CPU
		{0C091C23-1C06-4067-8833-76B65CB6F261}.Release|Any CPU.Build.0 = Release|Any CPU
		{08D4BA58-3782-476D-92BC-E9ABC5418965}.Debug|Any CPU.ActiveCfg = Debug|Any CPU
		{08D4BA58-3782-476D-92BC-E9ABC5418965}.Debug|Any CPU.Build.0 = Debug|Any CPU
		{08D4BA58-3782-476D-92BC-E9ABC5418965}.Release|Any CPU.ActiveCfg = Release|Any CPU
		{08D4BA58-3782-476D-92BC-E9ABC5418965}.Release|Any CPU.Build.0 = Release|Any CPU
		{4F2C4009-B8FD-49BC-8B0E-CB0D49BF6C43}.Debug|Any CPU.ActiveCfg = Debug|Any CPU
		{4F2C4009-B8FD-49BC-8B0E-CB0D49BF6C43}.Debug|Any CPU.Build.0 = Debug|Any CPU
		{4F2C4009-B8FD-49BC-8B0E-CB0D49BF6C43}.Release|Any CPU.ActiveCfg = Release|Any CPU
		{4F2C4009-B8FD-49BC-8B0E-CB0D49BF6C43}.Release|Any CPU.Build.0 = Release|Any CPU
		{EDE6C733-2EF8-4368-967C-1C386657F8DD}.Debug|Any CPU.ActiveCfg = Debug|Any CPU
		{EDE6C733-2EF8-4368-967C-1C386657F8DD}.Debug|Any CPU.Build.0 = Debug|Any CPU
		{EDE6C733-2EF8-4368-967C-1C386657F8DD}.Release|Any CPU.ActiveCfg = Release|Any CPU
		{EDE6C733-2EF8-4368-967C-1C386657F8DD}.Release|Any CPU.Build.0 = Release|Any CPU
		{0E6CA27E-91E3-49E9-AB41-60EA8BB59200}.Debug|Any CPU.ActiveCfg = Debug|Any CPU
		{0E6CA27E-91E3-49E9-AB41-60EA8BB59200}.Debug|Any CPU.Build.0 = Debug|Any CPU
		{0E6CA27E-91E3-49E9-AB41-60EA8BB59200}.Release|Any CPU.ActiveCfg = Release|Any CPU
		{0E6CA27E-91E3-49E9-AB41-60EA8BB59200}.Release|Any CPU.Build.0 = Release|Any CPU
		{E92DCB36-F43C-4B79-9E30-24F5A9A52D5C}.Debug|Any CPU.ActiveCfg = Debug|Any CPU
		{E92DCB36-F43C-4B79-9E30-24F5A9A52D5C}.Debug|Any CPU.Build.0 = Debug|Any CPU
		{E92DCB36-F43C-4B79-9E30-24F5A9A52D5C}.Release|Any CPU.ActiveCfg = Release|Any CPU
		{E92DCB36-F43C-4B79-9E30-24F5A9A52D5C}.Release|Any CPU.Build.0 = Release|Any CPU
		{E51C0A3C-49E1-447E-8EBC-16042FF60C4E}.Debug|Any CPU.ActiveCfg = Debug|Any CPU
		{E51C0A3C-49E1-447E-8EBC-16042FF60C4E}.Debug|Any CPU.Build.0 = Debug|Any CPU
		{E51C0A3C-49E1-447E-8EBC-16042FF60C4E}.Release|Any CPU.ActiveCfg = Release|Any CPU
		{E51C0A3C-49E1-447E-8EBC-16042FF60C4E}.Release|Any CPU.Build.0 = Release|Any CPU
		{480FA44A-F55A-455E-AD12-D269C60A04DA}.Debug|Any CPU.ActiveCfg = Debug|Any CPU
		{480FA44A-F55A-455E-AD12-D269C60A04DA}.Debug|Any CPU.Build.0 = Debug|Any CPU
		{480FA44A-F55A-455E-AD12-D269C60A04DA}.Release|Any CPU.ActiveCfg = Release|Any CPU
		{480FA44A-F55A-455E-AD12-D269C60A04DA}.Release|Any CPU.Build.0 = Release|Any CPU
	EndGlobalSection
	GlobalSection(SolutionProperties) = preSolution
		HideSolutionNode = FALSE
	EndGlobalSection
	GlobalSection(ExtensibilityGlobals) = postSolution
		SolutionGuid = {BBDBD186-AF62-45CC-9EA9-833FB473D6B3}
	EndGlobalSection
EndGlobal
