
Microsoft Visual Studio Solution File, Format Version 12.00
# Visual Studio 15
VisualStudioVersion = 15.0.27004.2006
MinimumVisualStudioVersion = 10.0.40219.1
Project("{FAE04EC0-301F-11D3-BF4B-00C04F79EFBC}") = "01. Charity Marathon", "01. Charity Marathon\01. Charity Marathon.csproj", "{F8CF531E-2CEE-4774-BE62-EDC32D9EDCBB}"
EndProject
Project("{FAE04EC0-301F-11D3-BF4B-00C04F79EFBC}") = "02. Ladybugs", "02. Ladybugs\02. Ladybugs.csproj", "{A32450F3-7586-4C62-B2B5-09162D036DE2}"
EndProject
Project("{FAE04EC0-301F-11D3-BF4B-00C04F79EFBC}") = "03. Nether Realms", "03. Nether Realms\03. Nether Realms.csproj", "{ED14CA41-D986-46F1-A4C2-E907EB730F2B}"
EndProject
Project("{FAE04EC0-301F-11D3-BF4B-00C04F79EFBC}") = "04. Roli The Coder", "04. Roli The Coder\04. Roli The Coder.csproj", "{AE8933C9-DDB9-4EEF-9503-A67D7D9DF4EE}"
EndProject
Global
	GlobalSection(SolutionConfigurationPlatforms) = preSolution
		Debug|Any CPU = Debug|Any CPU
		Release|Any CPU = Release|Any CPU
	EndGlobalSection
	GlobalSection(ProjectConfigurationPlatforms) = postSolution
		{F8CF531E-2CEE-4774-BE62-EDC32D9EDCBB}.Debug|Any CPU.ActiveCfg = Debug|Any CPU
		{F8CF531E-2CEE-4774-BE62-EDC32D9EDCBB}.Debug|Any CPU.Build.0 = Debug|Any CPU
		{F8CF531E-2CEE-4774-BE62-EDC32D9EDCBB}.Release|Any CPU.ActiveCfg = Release|Any CPU
		{F8CF531E-2CEE-4774-BE62-EDC32D9EDCBB}.Release|Any CPU.Build.0 = Release|Any CPU
		{A32450F3-7586-4C62-B2B5-09162D036DE2}.Debug|Any CPU.ActiveCfg = Debug|Any CPU
		{A32450F3-7586-4C62-B2B5-09162D036DE2}.Debug|Any CPU.Build.0 = Debug|Any CPU
		{A32450F3-7586-4C62-B2B5-09162D036DE2}.Release|Any CPU.ActiveCfg = Release|Any CPU
		{A32450F3-7586-4C62-B2B5-09162D036DE2}.Release|Any CPU.Build.0 = Release|Any CPU
		{ED14CA41-D986-46F1-A4C2-E907EB730F2B}.Debug|Any CPU.ActiveCfg = Debug|Any CPU
		{ED14CA41-D986-46F1-A4C2-E907EB730F2B}.Debug|Any CPU.Build.0 = Debug|Any CPU
		{ED14CA41-D986-46F1-A4C2-E907EB730F2B}.Release|Any CPU.ActiveCfg = Release|Any CPU
		{ED14CA41-D986-46F1-A4C2-E907EB730F2B}.Release|Any CPU.Build.0 = Release|Any CPU
		{AE8933C9-DDB9-4EEF-9503-A67D7D9DF4EE}.Debug|Any CPU.ActiveCfg = Debug|Any CPU
		{AE8933C9-DDB9-4EEF-9503-A67D7D9DF4EE}.Debug|Any CPU.Build.0 = Debug|Any CPU
		{AE8933C9-DDB9-4EEF-9503-A67D7D9DF4EE}.Release|Any CPU.ActiveCfg = Release|Any CPU
		{AE8933C9-DDB9-4EEF-9503-A67D7D9DF4EE}.Release|Any CPU.Build.0 = Release|Any CPU
	EndGlobalSection
	GlobalSection(SolutionProperties) = preSolution
		HideSolutionNode = FALSE
	EndGlobalSection
	GlobalSection(ExtensibilityGlobals) = postSolution
		SolutionGuid = {76BE4E65-BF40-4F37-B50E-EF4F7CEAE4BA}
	EndGlobalSection
EndGlobal
