
Microsoft Visual Studio Solution File, Format Version 12.00
# Visual Studio 15
VisualStudioVersion = 15.0.27004.2006
MinimumVisualStudioVersion = 10.0.40219.1
Project("{FAE04EC0-301F-11D3-BF4B-00C04F79EFBC}") = "01. Nacepin", "01. Nacepin\01. Nacepin.csproj", "{30871950-7684-41A3-8FB6-59ACB4ACC2DA}"
EndProject
Project("{FAE04EC0-301F-11D3-BF4B-00C04F79EFBC}") = "02. Hogwarts Sorting", "02. Hogwarts Sorting\02. Hogwarts Sorting.csproj", "{CEBAFD93-DA1C-4B6D-A666-C23408618EDD}"
EndProject
Project("{FAE04EC0-301F-11D3-BF4B-00C04F79EFBC}") = "03. Dress Pattern", "03. Dress Pattern\03. Dress Pattern.csproj", "{2B08AA10-0BDF-4B42-8400-FA65EEE3E9B9}"
EndProject
Global
	GlobalSection(SolutionConfigurationPlatforms) = preSolution
		Debug|Any CPU = Debug|Any CPU
		Release|Any CPU = Release|Any CPU
	EndGlobalSection
	GlobalSection(ProjectConfigurationPlatforms) = postSolution
		{30871950-7684-41A3-8FB6-59ACB4ACC2DA}.Debug|Any CPU.ActiveCfg = Debug|Any CPU
		{30871950-7684-41A3-8FB6-59ACB4ACC2DA}.Debug|Any CPU.Build.0 = Debug|Any CPU
		{30871950-7684-41A3-8FB6-59ACB4ACC2DA}.Release|Any CPU.ActiveCfg = Release|Any CPU
		{30871950-7684-41A3-8FB6-59ACB4ACC2DA}.Release|Any CPU.Build.0 = Release|Any CPU
		{CEBAFD93-DA1C-4B6D-A666-C23408618EDD}.Debug|Any CPU.ActiveCfg = Debug|Any CPU
		{CEBAFD93-DA1C-4B6D-A666-C23408618EDD}.Debug|Any CPU.Build.0 = Debug|Any CPU
		{CEBAFD93-DA1C-4B6D-A666-C23408618EDD}.Release|Any CPU.ActiveCfg = Release|Any CPU
		{CEBAFD93-DA1C-4B6D-A666-C23408618EDD}.Release|Any CPU.Build.0 = Release|Any CPU
		{2B08AA10-0BDF-4B42-8400-FA65EEE3E9B9}.Debug|Any CPU.ActiveCfg = Debug|Any CPU
		{2B08AA10-0BDF-4B42-8400-FA65EEE3E9B9}.Debug|Any CPU.Build.0 = Debug|Any CPU
		{2B08AA10-0BDF-4B42-8400-FA65EEE3E9B9}.Release|Any CPU.ActiveCfg = Release|Any CPU
		{2B08AA10-0BDF-4B42-8400-FA65EEE3E9B9}.Release|Any CPU.Build.0 = Release|Any CPU
	EndGlobalSection
	GlobalSection(SolutionProperties) = preSolution
		HideSolutionNode = FALSE
	EndGlobalSection
	GlobalSection(ExtensibilityGlobals) = postSolution
		SolutionGuid = {368CFBFA-8664-4476-884B-E88175FDFF06}
	EndGlobalSection
EndGlobal
