
Microsoft Visual Studio Solution File, Format Version 12.00
# Visual Studio 15
VisualStudioVersion = 15.0.26730.10
MinimumVisualStudioVersion = 10.0.40219.1
Project("{FAE04EC0-301F-11D3-BF4B-00C04F79EFBC}") = "ConverterNumberSystems", "ConverterNumberSystems\ConverterNumberSystems.csproj", "{4E5D5118-5B2A-468B-A999-549F142B3170}"
EndProject
Global
	GlobalSection(SolutionConfigurationPlatforms) = preSolution
		Debug|Any CPU = Debug|Any CPU
		Release|Any CPU = Release|Any CPU
	EndGlobalSection
	GlobalSection(ProjectConfigurationPlatforms) = postSolution
		{4E5D5118-5B2A-468B-A999-549F142B3170}.Debug|Any CPU.ActiveCfg = Debug|Any CPU
		{4E5D5118-5B2A-468B-A999-549F142B3170}.Debug|Any CPU.Build.0 = Debug|Any CPU
		{4E5D5118-5B2A-468B-A999-549F142B3170}.Release|Any CPU.ActiveCfg = Release|Any CPU
		{4E5D5118-5B2A-468B-A999-549F142B3170}.Release|Any CPU.Build.0 = Release|Any CPU
	EndGlobalSection
	GlobalSection(SolutionProperties) = preSolution
		HideSolutionNode = FALSE
	EndGlobalSection
	GlobalSection(ExtensibilityGlobals) = postSolution
		SolutionGuid = {945F98B0-2263-4C1F-99CC-AD1575306620}
	EndGlobalSection
EndGlobal
